{
  "lockfileVersion": 1,
  "geanies": {
    "llm_chat": {
      "wish": 48,
      "sha": "e1e411f6ea753ff79064334daca61d9748fe770c",
      "boundAt": "2026-09-23T17:04:30.103782",
      "installedSha": "e1e411f6ea753ff79064334daca61d9748fe770c",
      "origin": "git@github.com:SupposedlySam/llm_chat.git"
    }
  }
}
